// !$*UTF8*$!
{
	archiveVersion = 1;
	classes = {
	};
	objectVersion = 46;
	objects = {

/* Begin PBXBuildFile section */
		0089CC491C643FC100F6B465 /* AppDelegate.swift in Sources */ = {isa = PBXBuildFile; fileRef = 0089CC481C643FC100F6B465 /* AppDelegate.swift */; };
		0089CC4B1C643FC100F6B465 /* ViewController.swift in Sources */ = {isa = PBXBuildFile; fileRef = 0089CC4A1C643FC100F6B465 /* ViewController.swift */; };
		0089CC4E1C643FC100F6B465 /* Main.storyboard in Resources */ = {isa = PBXBuildFile; fileRef = 0089CC4C1C643FC100F6B465 /* Main.storyboard */; };
		0089CC501C643FC100F6B465 /* Assets.xcassets in Resources */ = {isa = PBXBuildFile; fileRef = 0089CC4F1C643FC100F6B465 /* Assets.xcassets */; };
		0089CC531C643FC100F6B465 /* LaunchScreen.storyboard in Resources */ = {isa = PBXBuildFile; fileRef = 0089CC511C643FC100F6B465 /* LaunchScreen.storyboard */; };
		0089CC5E1C643FC200F6B465 /* MyTodoListTests.swift in Sources */ = {isa = PBXBuildFile; fileRef = 0089CC5D1C643FC200F6B465 /* MyTodoListTests.swift */; };
		0089CC691C643FC200F6B465 /* MyTodoListUITests.swift in Sources */ = {isa = PBXBuildFile; fileRef = 0089CC681C643FC200F6B465 /* MyTodoListUITests.swift */; };
/* End PBXBuildFile section */

/* Begin PBXContainerItemProxy section */
		0089CC5A1C643FC200F6B465 /* PBXContainerItemProxy */ = {
			isa = PBXContainerItemProxy;
			containerPortal = 0089CC3D1C643FC100F6B465 /* Project object */;
			proxyType = 1;
			remoteGlobalIDString = 0089CC441C643FC100F6B465;
			remoteInfo = MyTodoList;
		};
		0089CC651C643FC200F6B465 /* PBXContainerItemProxy */ = {
			isa = PBXContainerItemProxy;
			containerPortal = 0089CC3D1C643FC100F6B465 /* Project object */;
			proxyType = 1;
			remoteGlobalIDString = 0089CC441C643FC100F6B465;
			remoteInfo = MyTodoList;
		};
/* End PBXContainerItemProxy section */

/* Begin PBXFileReference section */
		0089CC451C643FC100F6B465 /* MyTodoList.app */ = {isa = PBXFileReference; explicitFileType = wrapper.application; includeInIndex = 0; path = MyTodoList.app; sourceTree = BUILT_PRODUCTS_DIR; };
		0089CC481C643FC100F6B465 /* AppDelegate.swift */ = {isa = PBXFileReference; lastKnownFileType = sourcecode.swift; path = AppDelegate.swift; sourceTree = "<group>"; };
		0089CC4A1C643FC100F6B465 /* ViewController.swift */ = {isa = PBXFileReference; lastKnownFileType = sourcecode.swift; path = ViewController.swift; sourceTree = "<group>"; };
		0089CC4D1C643FC100F6B465 /* Base */ = {isa = PBXFileReference; lastKnownFileType = file.storyboard; name = Base; path = Base.lproj/Main.storyboard; sourceTree = "<group>"; };
		0089CC4F1C643FC100F6B465 /* Assets.xcassets */ = {isa = PBXFileReference; lastKnownFileType = folder.assetcatalog; path = Assets.xcassets; sourceTree = "<group>"; };
		0089CC521C643FC100F6B465 /* Base */ = {isa = PBXFileReference; lastKnownFileType = file.storyboard; name = Base; path = Base.lproj/LaunchScreen.storyboard; sourceTree = "<group>"; };
		0089CC541C643FC100F6B465 /* Info.plist */ = {isa = PBXFileReference; lastKnownFileType = text.plist.xml; path = Info.plist; sourceTree = "<group>"; };
		0089CC591C643FC200F6B465 /* MyTodoListTests.xctest */ = {isa = PBXFileReference; explicitFileType = wrapper.cfbundle; includeInIndex = 0; path = MyTodoListTests.xctest; sourceTree = BUILT_PRODUCTS_DIR; };
		0089CC5D1C643FC200F6B465 /* MyTodoListTests.swift */ = {isa = PBXFileReference; lastKnownFileType = sourcecode.swift; path = MyTodoListTests.swift; sourceTree = "<group>"; };
		0089CC5F1C643FC200F6B465 /* Info.plist */ = {isa = PBXFileReference; lastKnownFileType = text.plist.xml; path = Info.plist; sourceTree = "<group>"; };
		0089CC641C643FC200F6B465 /* MyTodoListUITests.xctest */ = {isa = PBXFileReference; explicitFileType = wrapper.cfbundle; includeInIndex = 0; path = MyTodoListUITests.xctest; sourceTree = BUILT_PRODUCTS_DIR; };
		0089CC681C643FC200F6B465 /* MyTodoListUITests.swift */ = {isa = PBXFileReference; lastKnownFileType = sourcecode.swift; path = MyTodoListUITests.swift; sourceTree = "<group>"; };
		0089CC6A1C643FC200F6B465 /* Info.plist */ = {isa = PBXFileReference; lastKnownFileType = text.plist.xml; path = Info.plist; sourceTree = "<group>"; };
/* End PBXFileReference section */

/* Begin PBXFrameworksBuildPhase section */
		0089CC421C643FC100F6B465 /* Frameworks */ = {
			isa = PBXFrameworksBuildPhase;
			buildActionMask = 2147483647;
			files = (
			);
			runOnlyForDeploymentPostprocessing = 0;
		};
		0089CC561C643FC200F6B465 /* Frameworks */ = {
			isa = PBXFrameworksBuildPhase;
			buildActionMask = 2147483647;
			files = (
			);
			runOnlyForDeploymentPostprocessing = 0;
		};
		0089CC611C643FC200F6B465 /* Frameworks */ = {
			isa = PBXFrameworksBuildPhase;
			buildActionMask = 2147483647;
			files = (
			);
			runOnlyForDeploymentPostprocessing = 0;
		};
/* End PBXFrameworksBuildPhase section */

/* Begin PBXGroup section */
		0089CC3C1C643FC100F6B465 = {
			isa = PBXGroup;
			children = (
				0089CC471C643FC100F6B465 /* MyTodoList */,
				0089CC5C1C643FC200F6B465 /* MyTodoListTests */,
				0089CC671C643FC200F6B465 /* MyTodoListUITests */,
				0089CC461C643FC100F6B465 /* Products */,
			);
			sourceTree = "<group>";
		};
		0089CC461C643FC100F6B465 /* Products */ = {
			isa = PBXGroup;
			children = (
				0089CC451C643FC100F6B465 /* MyTodoList.app */,
				0089CC591C643FC200F6B465 /* MyTodoListTests.xctest */,
				0089CC641C643FC200F6B465 /* MyTodoListUITests.xctest */,
			);
			name = Products;
			sourceTree = "<group>";
		};
		0089CC471C643FC100F6B465 /* MyTodoList */ = {
			isa = PBXGroup;
			children = (
				0089CC481C643FC100F6B465 /* AppDelegate.swift */,
				0089CC4A1C643FC100F6B465 /* ViewController.swift */,
				0089CC4C1C643FC100F6B465 /* Main.storyboard */,
				0089CC4F1C643FC100F6B465 /* Assets.xcassets */,
				0089CC511C643FC100F6B465 /* LaunchScreen.storyboard */,
				0089CC541C643FC100F6B465 /* Info.plist */,
			);
			path = MyTodoList;
			sourceTree = "<group>";
		};
		0089CC5C1C643FC200F6B465 /* MyTodoListTests */ = {
			isa = PBXGroup;
			children = (
				0089CC5D1C643FC200F6B465 /* MyTodoListTests.swift */,
				0089CC5F1C643FC200F6B465 /* Info.plist */,
			);
			path = MyTodoListTests;
			sourceTree = "<group>";
		};
		0089CC671C643FC200F6B465 /* MyTodoListUITests */ = {
			isa = PBXGroup;
			children = (
				0089CC681C643FC200F6B465 /* MyTodoListUITests.swift */,
				0089CC6A1C643FC200F6B465 /* Info.plist */,
			);
			path = MyTodoListUITests;
			sourceTree = "<group>";
		};
/* End PBXGroup section */

/* Begin PBXNativeTarget section */
		0089CC441C643FC100F6B465 /* MyTodoList */ = {
			isa = PBXNativeTarget;
			buildConfigurationList = 0089CC6D1C643FC200F6B465 /* Build configuration list for PBXNativeTarget "MyTodoList" */;
			buildPhases = (
				0089CC411C643FC100F6B465 /* Sources */,
				0089CC421C643FC100F6B465 /* Frameworks */,
				0089CC431C643FC100F6B465 /* Resources */,
			);
			buildRules = (
			);
			dependencies = (
			);
			name = MyTodoList;
			productName = MyTodoList;
			productReference = 0089CC451C643FC100F6B465 /* MyTodoList.app */;
			productType = "com.apple.product-type.application";
		};
		0089CC581C643FC200F6B465 /* MyTodoListTests */ = {
			isa = PBXNativeTarget;
			buildConfigurationList = 0089CC701C643FC200F6B465 /* Build configuration list for PBXNativeTarget "MyTodoListTests" */;
			buildPhases = (
				0089CC551C643FC200F6B465 /* Sources */,
				0089CC561C643FC200F6B465 /* Frameworks */,
				0089CC571C643FC200F6B465 /* Resources */,
			);
			buildRules = (
			);
			dependencies = (
				0089CC5B1C643FC200F6B465 /* PBXTargetDependency */,
			);
			name = MyTodoListTests;
			productName = MyTodoListTests;
			productReference = 0089CC591C643FC200F6B465 /* MyTodoListTests.xctest */;
			productType = "com.apple.product-type.bundle.unit-test";
		};
		0089CC631C643FC200F6B465 /* MyTodoListUITests */ = {
			isa = PBXNativeTarget;
			buildConfigurationList = 0089CC731C643FC200F6B465 /* Build configuration list for PBXNativeTarget "MyTodoListUITests" */;
			buildPhases = (
				0089CC601C643FC200F6B465 /* Sources */,
				0089CC611C643FC200F6B465 /* Frameworks */,
				0089CC621C643FC200F6B465 /* Resources */,
			);
			buildRules = (
			);
			dependencies = (
				0089CC661C643FC200F6B465 /* PBXTargetDependency */,
			);
			name = MyTodoListUITests;
			productName = MyTodoListUITests;
			productReference = 0089CC641C643FC200F6B465 /* MyTodoListUITests.xctest */;
			productType = "com.apple.product-type.bundle.ui-testing";
		};
/* End PBXNativeTarget section */

/* Begin PBXProject section */
		0089CC3D1C643FC100F6B465 /* Project object */ = {
			isa = PBXProject;
			attributes = {
				LastSwiftUpdateCheck = 0720;
				LastUpgradeCheck = 0720;
				ORGANIZATIONNAME = JerePortal;
				TargetAttributes = {
					0089CC441C643FC100F6B465 = {
						CreatedOnToolsVersion = 7.2;
					};
					0089CC581C643FC200F6B465 = {
						CreatedOnToolsVersion = 7.2;
						TestTargetID = 0089CC441C643FC100F6B465;
					};
					0089CC631C643FC200F6B465 = {
						CreatedOnToolsVersion = 7.2;
						TestTargetID = 0089CC441C643FC100F6B465;
					};
				};
			};
			buildConfigurationList = 0089CC401C643FC100F6B465 /* Build configuration list for PBXProject "MyTodoList" */;
			compatibilityVersion = "Xcode 3.2";
			developmentRegion = English;
			hasScannedForEncodings = 0;
			knownRegions = (
				en,
				Base,
			);
			mainGroup = 0089CC3C1C643FC100F6B465;
			productRefGroup = 0089CC461C643FC100F6B465 /* Products */;
			projectDirPath = "";
			projectRoot = "";
			targets = (
				0089CC441C643FC100F6B465 /* MyTodoList */,
				0089CC581C643FC200F6B465 /* MyTodoListTests */,
				0089CC631C643FC200F6B465 /* MyTodoListUITests */,
			);
		};
/* End PBXProject section */

/* Begin PBXResourcesBuildPhase section */
		0089CC431C643FC100F6B465 /* Resources */ = {
			isa = PBXResourcesBuildPhase;
			buildActionMask = 2147483647;
			files = (
				0089CC531C643FC100F6B465 /* LaunchScreen.storyboard in Resources */,
				0089CC501C643FC100F6B465 /* Assets.xcassets in Resources */,
				0089CC4E1C643FC100F6B465 /* Main.storyboard in Resources */,
			);
			runOnlyForDeploymentPostprocessing = 0;
		};
		0089CC571C643FC200F6B465 /* Resources */ = {
			isa = PBXResourcesBuildPhase;
			buildActionMask = 2147483647;
			files = (
			);
			runOnlyForDeploymentPostprocessing = 0;
		};
		0089CC621C643FC200F6B465 /* Resources */ = {
			isa = PBXResourcesBuildPhase;
			buildActionMask = 2147483647;
			files = (
			);
			runOnlyForDeploymentPostprocessing = 0;
		};
/* End PBXResourcesBuildPhase section */

/* Begin PBXSourcesBuildPhase section */
		0089CC411C643FC100F6B465 /* Sources */ = {
			isa = PBXSourcesBuildPhase;
			buildActionMask = 2147483647;
			files = (
				0089CC4B1C643FC100F6B465 /* ViewController.swift in Sources */,
				0089CC491C643FC100F6B465 /* AppDelegate.swift in Sources */,
			);
			runOnlyForDeploymentPostprocessing = 0;
		};
		0089CC551C643FC200F6B465 /* Sources */ = {
			isa = PBXSourcesBuildPhase;
			buildActionMask = 2147483647;
			files = (
				0089CC5E1C643FC200F6B465 /* MyTodoListTests.swift in Sources */,
			);
			runOnlyForDeploymentPostprocessing = 0;
		};
		0089CC601C643FC200F6B465 /* Sources */ = {
			isa = PBXSourcesBuildPhase;
			buildActionMask = 2147483647;
			files = (
				0089CC691C643FC200F6B465 /* MyTodoListUITests.swift in Sources */,
			);
			runOnlyForDeploymentPostprocessing = 0;
		};
/* End PBXSourcesBuildPhase section */

/* Begin PBXTargetDependency section */
		0089CC5B1C643FC200F6B465 /* PBXTargetDependency */ = {
			isa = PBXTargetDependency;
			target = 0089CC441C643FC100F6B465 /* MyTodoList */;
			targetProxy = 0089CC5A1C643FC200F6B465 /* PBXContainerItemProxy */;
		};
		0089CC661C643FC200F6B465 /* PBXTargetDependency */ = {
			isa = PBXTargetDependency;
			target = 0089CC441C643FC100F6B465 /* MyTodoList */;
			targetProxy = 0089CC651C643FC200F6B465 /* PBXContainerItemProxy */;
		};
/* End PBXTargetDependency section */

/* Begin PBXVariantGroup section */
		0089CC4C1C643FC100F6B465 /* Main.storyboard */ = {
			isa = PBXVariantGroup;
			children = (
				0089CC4D1C643FC100F6B465 /* Base */,
			);
			name = Main.storyboard;
			sourceTree = "<group>";
		};
		0089CC511C643FC100F6B465 /* LaunchScreen.storyboard */ = {
			isa = PBXVariantGroup;
			children = (
				0089CC521C643FC100F6B465 /* Base */,
			);
			name = LaunchScreen.storyboard;
			sourceTree = "<group>";
		};
/* End PBXVariantGroup section */

/* Begin XCBuildConfiguration section */
		0089CC6B1C643FC200F6B465 /* Debug */ = {
			isa = XCBuildConfiguration;
			buildSettings = {
				ALWAYS_SEARCH_USER_PATHS = NO;
				CLANG_CXX_LANGUAGE_STANDARD = "gnu++0x";
				CLANG_CXX_LIBRARY = "libc++";
				CLANG_ENABLE_MODULES = YES;
				CLANG_ENABLE_OBJC_ARC = YES;
				CLANG_WARN_BOOL_CONVERSION = YES;
				CLANG_WARN_CONSTANT_CONVERSION = YES;
				CLANG_WARN_DIRECT_OBJC_ISA_USAGE = YES_ERROR;
				CLANG_WARN_EMPTY_BODY = YES;
				CLANG_WARN_ENUM_CONVERSION = YES;
				CLANG_WARN_INT_CONVERSION = YES;
				CLANG_WARN_OBJC_ROOT_CLASS = YES_ERROR;
				CLANG_WARN_UNREACHABLE_CODE = YES;
				CLANG_WARN__DUPLICATE_METHOD_MATCH = YES;
				"CODE_SIGN_IDENTITY[sdk=iphoneos*]" = "iPhone Developer";
				COPY_PHASE_STRIP = NO;
				DEBUG_INFORMATION_FORMAT = dwarf;
				ENABLE_STRICT_OBJC_MSGSEND = YES;
				ENABLE_TESTABILITY = YES;
				GCC_C_LANGUAGE_STANDARD = gnu99;
				GCC_DYNAMIC_NO_PIC = NO;
				GCC_NO_COMMON_BLOCKS = YES;
				GCC_OPTIMIZATION_LEVEL = 0;
				GCC_PREPROCESSOR_DEFINITIONS = (
					"DEBUG=1",
					"$(inherited)",
				);
				GCC_WARN_64_TO_32_BIT_CONVERSION = YES;
				GCC_WARN_ABOUT_RETURN_TYPE = YES_ERROR;
				GCC_WARN_UNDECLARED_SELECTOR = YES;
				GCC_WARN_UNINITIALIZED_AUTOS = YES_AGGRESSIVE;
				GCC_WARN_UNUSED_FUNCTION = YES;
				GCC_WARN_UNUSED_VARIABLE = YES;
				IPHONEOS_DEPLOYMENT_TARGET = 9.2;
				MTL_ENABLE_DEBUG_INFO = YES;
				ONLY_ACTIVE_ARCH = YES;
				SDKROOT = iphoneos;
				SWIFT_OPTIMIZATION_LEVEL = "-Onone";
				TARGETED_DEVICE_FAMILY = "1,2";
			};
			name = Debug;
		};
		0089CC6C1C643FC200F6B465 /* Release */ = {
			isa = XCBuildConfiguration;
			buildSettings = {
				ALWAYS_SEARCH_USER_PATHS = NO;
				CLANG_CXX_LANGUAGE_STANDARD = "gnu++0x";
				CLANG_CXX_LIBRARY = "libc++";
				CLANG_ENABLE_MODULES = YES;
				CLANG_ENABLE_OBJC_ARC = YES;
				CLANG_WARN_BOOL_CONVERSION = YES;
				CLANG_WARN_CONSTANT_CONVERSION = YES;
				CLANG_WARN_DIRECT_OBJC_ISA_USAGE = YES_ERROR;
				CLANG_WARN_EMPTY_BODY = YES;
				CLANG_WARN_ENUM_CONVERSION = YES;
				CLANG_WARN_INT_CONVERSION = YES;
				CLANG_WARN_OBJC_ROOT_CLASS = YES_ERROR;
				CLANG_WARN_UNREACHABLE_CODE = YES;
				CLANG_WARN__DUPLICATE_METHOD_MATCH = YES;
				"CODE_SIGN_IDENTITY[sdk=iphoneos*]" = "iPhone Developer";
				COPY_PHASE_STRIP = NO;
				DEBUG_INFORMATION_FORMAT = "dwarf-with-dsym";
				ENABLE_NS_ASSERTIONS = NO;
				ENABLE_STRICT_OBJC_MSGSEND = YES;
				GCC_C_LANGUAGE_STANDARD = gnu99;
				GCC_NO_COMMON_BLOCKS = YES;
				GCC_WARN_64_TO_32_BIT_CONVERSION = YES;
				GCC_WARN_ABOUT_RETURN_TYPE = YES_ERROR;
				GCC_WARN_UNDECLARED_SELECTOR = YES;
				GCC_WARN_UNINITIALIZED_AUTOS = YES_AGGRESSIVE;
				GCC_WARN_UNUSED_FUNCTION = YES;
				GCC_WARN_UNUSED_VARIABLE = YES;
				IPHONEOS_DEPLOYMENT_TARGET = 9.2;
				MTL_ENABLE_DEBUG_INFO = NO;
				SDKROOT = iphoneos;
				TARGETED_DEVICE_FAMILY = "1,2";
				VALIDATE_PRODUCT = YES;
			};
			name = Release;
		};
		0089CC6E1C643FC200F6B465 /* Debug */ = {
			isa = XCBuildConfiguration;
			buildSettings = {
				ASSETCATALOG_COMPILER_APPICON_NAME = AppIcon;
				INFOPLIST_FILE = MyTodoList/Info.plist;
				LD_RUNPATH_SEARCH_PATHS = "$(inherited) @executable_path/Frameworks";
				PRODUCT_BUNDLE_IDENTIFIER = "com.jereportal.-.MyTodoList";
				PRODUCT_NAME = "$(TARGET_NAME)";
			};
			name = Debug;
		};
		0089CC6F1C643FC200F6B465 /* Release */ = {
			isa = XCBuildConfiguration;
			buildSettings = {
				ASSETCATALOG_COMPILER_APPICON_NAME = AppIcon;
				INFOPLIST_FILE = MyTodoList/Info.plist;
				LD_RUNPATH_SEARCH_PATHS = "$(inherited) @executable_path/Frameworks";
				PRODUCT_BUNDLE_IDENTIFIER = "com.jereportal.-.MyTodoList";
				PRODUCT_NAME = "$(TARGET_NAME)";
			};
			name = Release;
		};
		0089CC711C643FC200F6B465 /* Debug */ = {
			isa = XCBuildConfiguration;
			buildSettings = {
				BUNDLE_LOADER = "$(TEST_HOST)";
				INFOPLIST_FILE = MyTodoListTests/Info.plist;
				LD_RUNPATH_SEARCH_PATHS = "$(inherited) @executable_path/Frameworks @loader_path/Frameworks";
				PRODUCT_BUNDLE_IDENTIFIER = "com.jereportal.-.MyTodoListTests";
				PRODUCT_NAME = "$(TARGET_NAME)";
				TEST_HOST = "$(BUILT_PRODUCTS_DIR)/MyTodoList.app/MyTodoList";
			};
			name = Debug;
		};
		0089CC721C643FC200F6B465 /* Release */ = {
			isa = XCBuildConfiguration;
			buildSettings = {
				BUNDLE_LOADER = "$(TEST_HOST)";
				INFOPLIST_FILE = MyTodoListTests/Info.plist;
				LD_RUNPATH_SEARCH_PATHS = "$(inherited) @executable_path/Frameworks @loader_path/Frameworks";
				PRODUCT_BUNDLE_IDENTIFIER = "com.jereportal.-.MyTodoListTests";
				PRODUCT_NAME = "$(TARGET_NAME)";
				TEST_HOST = "$(BUILT_PRODUCTS_DIR)/MyTodoList.app/MyTodoList";
			};
			name = Release;
		};
		0089CC741C643FC200F6B465 /* Debug */ = {
			isa = XCBuildConfiguration;
			buildSettings = {
				INFOPLIST_FILE = MyTodoListUITests/Info.plist;
				LD_RUNPATH_SEARCH_PATHS = "$(inherited) @executable_path/Frameworks @loader_path/Frameworks";
				PRODUCT_BUNDLE_IDENTIFIER = "com.jereportal.-.MyTodoListUITests";
				PRODUCT_NAME = "$(TARGET_NAME)";
				TEST_TARGET_NAME = MyTodoList;
				USES_XCTRUNNER = YES;
			};
			name = Debug;
		};
		0089CC751C643FC200F6B465 /* Release */ = {
			isa = XCBuildConfiguration;
			buildSettings = {
				INFOPLIST_FILE = MyTodoListUITests/Info.plist;
				LD_RUNPATH_SEARCH_PATHS = "$(inherited) @executable_path/Frameworks @loader_path/Frameworks";
				PRODUCT_BUNDLE_IDENTIFIER = "com.jereportal.-.MyTodoListUITests";
				PRODUCT_NAME = "$(TARGET_NAME)";
				TEST_TARGET_NAME = MyTodoList;
				USES_XCTRUNNER = YES;
			};
			name = Release;
		};
/* End XCBuildConfiguration section */

/* Begin XCConfigurationList section */
		0089CC401C643FC100F6B465 /* Build configuration list for PBXProject "MyTodoList" */ = {
			isa = XCConfigurationList;
			buildConfigurations = (
				0089CC6B1C643FC200F6B465 /* Debug */,
				0089CC6C1C643FC200F6B465 /* Release */,
			);
			defaultConfigurationIsVisible = 0;
			defaultConfigurationName = Release;
		};
		0089CC6D1C643FC200F6B465 /* Build configuration list for PBXNativeTarget "MyTodoList" */ = {
			isa = XCConfigurationList;
			buildConfigurations = (
				0089CC6E1C643FC200F6B465 /* Debug */,
				0089CC6F1C643FC200F6B465 /* Release */,
			);
			defaultConfigurationIsVisible = 0;
		};
		0089CC701C643FC200F6B465 /* Build configuration list for PBXNativeTarget "MyTodoListTests" */ = {
			isa = XCConfigurationList;
			buildConfigurations = (
				0089CC711C643FC200F6B465 /* Debug */,
				0089CC721C643FC200F6B465 /* Release */,
			);
			defaultConfigurationIsVisible = 0;
		};
		0089CC731C643FC200F6B465 /* Build configuration list for PBXNativeTarget "MyTodoListUITests" */ = {
			isa = XCConfigurationList;
			buildConfigurations = (
				0089CC741C643FC200F6B465 /* Debug */,
				0089CC751C643FC200F6B465 /* Release */,
			);
			defaultConfigurationIsVisible = 0;
		};
/* End XCConfigurationList section */
	};
	rootObject = 0089CC3D1C643FC100F6B465 /* Project object */;
}
